
Microsoft Visual Studio Solution File, Format Version 12.00
# Visual Studio Version 17
VisualStudioVersion = 17.7.34031.279
MinimumVisualStudioVersion = 10.0.40219.1
Project("{9A19103F-16F7-4668-BE54-9A1E7A4F7556}") = "HiH_VP(Project)", "HiH_VP(Project).csproj", "{148D334E-4456-4994-A5D4-5714FEA2C2B2}"
EndProject
Global
	GlobalSection(SolutionConfigurationPlatforms) = preSolution
		Debug|Any CPU = Debug|Any CPU
		Release|Any CPU = Release|Any CPU
	EndGlobalSection
	GlobalSection(ProjectConfigurationPlatforms) = postSolution
		{148D334E-4456-4994-A5D4-5714FEA2C2B2}.Debug|Any CPU.ActiveCfg = Debug|Any CPU
		{148D334E-4456-4994-A5D4-5714FEA2C2B2}.Debug|Any CPU.Build.0 = Debug|Any CPU
		{148D334E-4456-4994-A5D4-5714FEA2C2B2}.Release|Any CPU.ActiveCfg = Release|Any CPU
		{148D334E-4456-4994-A5D4-5714FEA2C2B2}.Release|Any CPU.Build.0 = Release|Any CPU
	EndGlobalSection
	GlobalSection(SolutionProperties) = preSolution
		HideSolutionNode = FALSE
	EndGlobalSection
	GlobalSection(ExtensibilityGlobals) = postSolution
		SolutionGuid = {5EFEE95E-CA7A-4F8D-8E8D-2F5015B443EA}
	EndGlobalSection
EndGlobal
